
Microsoft Visual Studio Solution File, Format Version 12.00
# Visual Studio Version 16
VisualStudioVersion = 16.0.30011.22
MinimumVisualStudioVersion = 10.0.40219.1
Project("{8BC9CEB8-8B4A-11D0-8D11-00A0C91BC942}") = "Програма на екзамен", "Програма на екзамен\Програма на екзамен.vcxproj", "{54C18FC4-09BB-403A-A562-4B8E3895631A}"
EndProject
Global
	GlobalSection(SolutionConfigurationPlatforms) = preSolution
		Debug|x64 = Debug|x64
		Debug|x86 = Debug|x86
		Release|x64 = Release|x64
		Release|x86 = Release|x86
	EndGlobalSection
	GlobalSection(ProjectConfigurationPlatforms) = postSolution
		{54C18FC4-09BB-403A-A562-4B8E3895631A}.Debug|x64.ActiveCfg = Debug|x64
		{54C18FC4-09BB-403A-A562-4B8E3895631A}.Debug|x64.Build.0 = Debug|x64
		{54C18FC4-09BB-403A-A562-4B8E3895631A}.Debug|x86.ActiveCfg = Debug|Win32
		{54C18FC4-09BB-403A-A562-4B8E3895631A}.Debug|x86.Build.0 = Debug|Win32
		{54C18FC4-09BB-403A-A562-4B8E3895631A}.Release|x64.ActiveCfg = Release|x64
		{54C18FC4-09BB-403A-A562-4B8E3895631A}.Release|x64.Build.0 = Release|x64
		{54C18FC4-09BB-403A-A562-4B8E3895631A}.Release|x86.ActiveCfg = Release|Win32
		{54C18FC4-09BB-403A-A562-4B8E3895631A}.Release|x86.Build.0 = Release|Win32
	EndGlobalSection
	GlobalSection(SolutionProperties) = preSolution
		HideSolutionNode = FALSE
	EndGlobalSection
	GlobalSection(ExtensibilityGlobals) = postSolution
		SolutionGuid = {E62CB6DD-CB7F-4B49-8B2B-D6B682A7ABDA}
	EndGlobalSection
EndGlobal
